
Microsoft Visual Studio Solution File, Format Version 12.00
# Visual Studio Version 17
VisualStudioVersion = 17.8.34330.188
MinimumVisualStudioVersion = 10.0.40219.1
Project("{FAE04EC0-301F-11D3-BF4B-00C04F79EFBC}") = "Ex01_01", "Ex01_01\Ex01_01.csproj", "{86DEB5B1-EEA7-42CD-9747-428457B271F1}"
EndProject
Project("{FAE04EC0-301F-11D3-BF4B-00C04F79EFBC}") = "Ex01_05", "Ex01_05\Ex01_05.csproj", "{E025F5A8-878C-4016-82EC-CA24CAAFA4A2}"
EndProject
Project("{FAE04EC0-301F-11D3-BF4B-00C04F79EFBC}") = "Ex01_04", "Ex01_04\Ex01_04.csproj", "{49F0F915-BA31-4FC0-A76D-B3619C0FD7F1}"
EndProject
Global
	GlobalSection(SolutionConfigurationPlatforms) = preSolution
		Debug|Any CPU = Debug|Any CPU
		Release|Any CPU = Release|Any CPU
	EndGlobalSection
	GlobalSection(ProjectConfigurationPlatforms) = postSolution
		{86DEB5B1-EEA7-42CD-9747-428457B271F1}.Debug|Any CPU.ActiveCfg = Debug|Any CPU
		{86DEB5B1-EEA7-42CD-9747-428457B271F1}.Debug|Any CPU.Build.0 = Debug|Any CPU
		{86DEB5B1-EEA7-42CD-9747-428457B271F1}.Release|Any CPU.ActiveCfg = Release|Any CPU
		{86DEB5B1-EEA7-42CD-9747-428457B271F1}.Release|Any CPU.Build.0 = Release|Any CPU
		{E025F5A8-878C-4016-82EC-CA24CAAFA4A2}.Debug|Any CPU.ActiveCfg = Debug|Any CPU
		{E025F5A8-878C-4016-82EC-CA24CAAFA4A2}.Debug|Any CPU.Build.0 = Debug|Any CPU
		{E025F5A8-878C-4016-82EC-CA24CAAFA4A2}.Release|Any CPU.ActiveCfg = Release|Any CPU
		{E025F5A8-878C-4016-82EC-CA24CAAFA4A2}.Release|Any CPU.Build.0 = Release|Any CPU
		{49F0F915-BA31-4FC0-A76D-B3619C0FD7F1}.Debug|Any CPU.ActiveCfg = Debug|Any CPU
		{49F0F915-BA31-4FC0-A76D-B3619C0FD7F1}.Debug|Any CPU.Build.0 = Debug|Any CPU
		{49F0F915-BA31-4FC0-A76D-B3619C0FD7F1}.Release|Any CPU.ActiveCfg = Release|Any CPU
		{49F0F915-BA31-4FC0-A76D-B3619C0FD7F1}.Release|Any CPU.Build.0 = Release|Any CPU
	EndGlobalSection
	GlobalSection(SolutionProperties) = preSolution
		HideSolutionNode = FALSE
	EndGlobalSection
	GlobalSection(ExtensibilityGlobals) = postSolution
		SolutionGuid = {6C8B5A9A-5653-4C9E-9CAA-6B732D4A3EFE}
	EndGlobalSection
EndGlobal
